<?xml version="1.0" encoding="utf-8"?>
<Project ToolsVersion="4.0" xmlns="http://schemas.microsoft.com/developer/msbuild/2003">
  <ItemGroup>
    <Filter Include="Source Files">
      <UniqueIdentifier>{4FC737F1-C7A5-4376-A066-2A32D752A2FF}</UniqueIdentifier>
      <Extensions>cpp;c;cc;cxx;c++;cppm;ixx;def;odl;idl;hpj;bat;asm;asmx</Extensions>
    </Filter>
    <Filter Include="Header Files">
      <UniqueIdentifier>{93995380-89BD-4b04-88EB-625FBE52EBFB}</UniqueIdentifier>
      <Extensions>h;hh;hpp;hxx;h++;hm;inl;inc;ipp;xsd</Extensions>
    </Filter>
    <Filter Include="Resource Files">
      <UniqueIdentifier>{67DA6AB6-F800-4c08-8B7A-83BB121AAD01}</UniqueIdentifier>
      <Extensions>rc;ico;cur;bmp;dlg;rc2;rct;bin;rgs;gif;jpg;jpeg;jpe;resx;tiff;tif;png;wav;mfcribbon-ms</Extensions>
    </Filter>
    <Filter Include="Header Files\include">
      <UniqueIdentifier>{2f63a61a-8103-4818-8368-4fbea8b058cc}</UniqueIdentifier>
    </Filter>
    <Filter Include="Header Files\include\string">
      <UniqueIdentifier>{8cef41d4-cac6-47ee-b4cd-b337c46dd57e}</UniqueIdentifier>
    </Filter>
    <Filter Include="Header Files\include\comms">
      <UniqueIdentifier>{e4ae42a4-3e47-4ec4-af50-4e6ab86dcc86}</UniqueIdentifier>
    </Filter>
    <Filter Include="Header Files\source">
      <UniqueIdentifier>{6f810739-b57d-4ff2-94ca-3d963c34900f}</UniqueIdentifier>
    </Filter>
    <Filter Include="Header Files\include\math">
      <UniqueIdentifier>{bd41b3ec-d2b2-4e26-9acd-e6bb577bb32f}</UniqueIdentifier>
    </Filter>
    <Filter Include="Header Files\include\string\lang">
      <UniqueIdentifier>{1615f1ed-432d-41cf-8e17-ac69cf02bd41}</UniqueIdentifier>
    </Filter>
    <Filter Include="Header Files\include\utility">
      <UniqueIdentifier>{0bba5906-bcf1-4557-98b8-766a02a03824}</UniqueIdentifier>
    </Filter>
    <Filter Include="Header Files\include\w32-audio">
      <UniqueIdentifier>{879fefbb-d4e4-4db1-aa1c-0742bf352cdc}</UniqueIdentifier>
    </Filter>
    <Filter Include="Header Files\include\math\algebra">
      <UniqueIdentifier>{e7b779f9-ce03-4925-b008-2da418dc4a21}</UniqueIdentifier>
    </Filter>
    <Filter Include="Header Files\include\math\primes">
      <UniqueIdentifier>{c2deee87-c411-45d9-acb1-e122d81ed349}</UniqueIdentifier>
    </Filter>
    <Filter Include="Header Files\include\bitwise">
      <UniqueIdentifier>{c34f5779-974c-4805-9679-64894eaa832b}</UniqueIdentifier>
    </Filter>
    <Filter Include="Header Files\include\types">
      <UniqueIdentifier>{09025b6d-1f47-46d1-aeb7-d92b7a9e2f47}</UniqueIdentifier>
    </Filter>
    <Filter Include="Header Files\include\math\geometry">
      <UniqueIdentifier>{84809b4b-5e57-46ad-8497-466136c24683}</UniqueIdentifier>
    </Filter>
  </ItemGroup>
  <ItemGroup>
    <ClInclude Include="sklib.hpp">
      <Filter>Header Files</Filter>
    </ClInclude>
    <ClInclude Include="include\bitwise.hpp">
      <Filter>Header Files\include</Filter>
    </ClInclude>
    <ClInclude Include="include\checksum.hpp">
      <Filter>Header Files\include</Filter>
    </ClInclude>
    <ClInclude Include="include\cmdpar.hpp">
      <Filter>Header Files\include</Filter>
    </ClInclude>
    <ClInclude Include="include\crypto.hpp">
      <Filter>Header Files\include</Filter>
    </ClInclude>
    <ClInclude Include="include\ham.hpp">
      <Filter>Header Files\include</Filter>
    </ClInclude>
    <ClInclude Include="include\string.hpp">
      <Filter>Header Files\include</Filter>
    </ClInclude>
    <ClInclude Include="include\timer.hpp">
      <Filter>Header Files\include</Filter>
    </ClInclude>
    <ClInclude Include="include\string\ascii.hpp">
      <Filter>Header Files\include\string</Filter>
    </ClInclude>
    <ClInclude Include="include\string\checks.hpp">
      <Filter>Header Files\include\string</Filter>
    </ClInclude>
    <ClInclude Include="include\string\numbers.hpp">
      <Filter>Header Files\include\string</Filter>
    </ClInclude>
    <ClInclude Include="source\socket-code.hpp">
      <Filter>Header Files\source</Filter>
    </ClInclude>
    <ClInclude Include="source\rs232-code.hpp">
      <Filter>Header Files\source</Filter>
    </ClInclude>
    <ClInclude Include="include\types.hpp">
      <Filter>Header Files\include</Filter>
    </ClInclude>
    <ClInclude Include="include\math.hpp">
      <Filter>Header Files\include</Filter>
    </ClInclude>
    <ClInclude Include="include\string\lang\russian.hpp">
      <Filter>Header Files\include\string\lang</Filter>
    </ClInclude>
    <ClInclude Include="include\string\collection.hpp">
      <Filter>Header Files\include\string</Filter>
    </ClInclude>
    <ClInclude Include="include\string\unicode.hpp">
      <Filter>Header Files\include\string</Filter>
    </ClInclude>
    <ClInclude Include="include\utility.hpp">
      <Filter>Header Files\include</Filter>
    </ClInclude>
    <ClInclude Include="include\utility\macro-overloading.hpp">
      <Filter>Header Files\include\utility</Filter>
    </ClInclude>
    <ClInclude Include="include\w32-audio.hpp">
      <Filter>Header Files\include</Filter>
    </ClInclude>
    <ClInclude Include="source\w32-audio-code.hpp">
      <Filter>Header Files\source</Filter>
    </ClInclude>
    <ClInclude Include="include\comms.hpp">
      <Filter>Header Files\include</Filter>
    </ClInclude>
    <ClInclude Include="include\comms\rs232.hpp">
      <Filter>Header Files\include\comms</Filter>
    </ClInclude>
    <ClInclude Include="include\comms\socket.hpp">
      <Filter>Header Files\include\comms</Filter>
    </ClInclude>
    <ClInclude Include="include\w32-audio\waveout.hpp">
      <Filter>Header Files\include\w32-audio</Filter>
    </ClInclude>
    <ClInclude Include="source\dll-code.hpp">
      <Filter>Header Files\source</Filter>
    </ClInclude>
    <ClInclude Include="include\utility\macro-misc.hpp">
      <Filter>Header Files\include\utility</Filter>
    </ClInclude>
    <ClInclude Include="include\utility\misc-helpers.hpp">
      <Filter>Header Files\include\utility</Filter>
    </ClInclude>
    <ClInclude Include="include\dll.hpp">
      <Filter>Header Files\include</Filter>
    </ClInclude>
    <ClInclude Include="include\math\primes.hpp">
      <Filter>Header Files\include\math</Filter>
    </ClInclude>
    <ClInclude Include="include\math\cpu-support.hpp">
      <Filter>Header Files\include\math</Filter>
    </ClInclude>
    <ClInclude Include="include\math\algebra.hpp">
      <Filter>Header Files\include\math</Filter>
    </ClInclude>
    <ClInclude Include="include\math\algebra\edom-int.hpp">
      <Filter>Header Files\include\math\algebra</Filter>
    </ClInclude>
    <ClInclude Include="include\math\algebra\edom-signed-uint.hpp">
      <Filter>Header Files\include\math\algebra</Filter>
    </ClInclude>
    <ClInclude Include="include\math\algebra\bezout.hpp">
      <Filter>Header Files\include\math\algebra</Filter>
    </ClInclude>
    <ClInclude Include="include\math\algebra\pow.hpp">
      <Filter>Header Files\include\math\algebra</Filter>
    </ClInclude>
    <ClInclude Include="include\math\algebra\field-modular.hpp">
      <Filter>Header Files\include\math\algebra</Filter>
    </ClInclude>
    <ClInclude Include="include\math\primes\enumeration.hpp">
      <Filter>Header Files\include\math\primes</Filter>
    </ClInclude>
    <ClInclude Include="include\math\primes\eratosphenes.hpp">
      <Filter>Header Files\include\math\primes</Filter>
    </ClInclude>
    <ClInclude Include="include\types\detect-type.hpp">
      <Filter>Header Files\include\types</Filter>
    </ClInclude>
    <ClInclude Include="include\types\int-conv.hpp">
      <Filter>Header Files\include\types</Filter>
    </ClInclude>
    <ClInclude Include="include\types\int-bits.hpp">
      <Filter>Header Files\include\types</Filter>
    </ClInclude>
    <ClInclude Include="include\types\misc-types.hpp">
      <Filter>Header Files\include\types</Filter>
    </ClInclude>
    <ClInclude Include="include\utility\std-func.hpp">
      <Filter>Header Files\include\utility</Filter>
    </ClInclude>
    <ClInclude Include="include\utility\random-size-int.hpp">
      <Filter>Header Files\include\utility</Filter>
    </ClInclude>
    <ClInclude Include="include\utility\testing-specific.hpp">
      <Filter>Header Files\include\utility</Filter>
    </ClInclude>
    <ClInclude Include="include\bitwise\bmanip.hpp">
      <Filter>Header Files\include\bitwise</Filter>
    </ClInclude>
    <ClInclude Include="include\bitwise\bstream.hpp">
      <Filter>Header Files\include\bitwise</Filter>
    </ClInclude>
    <ClInclude Include="include\bitwise\bfstream.hpp">
      <Filter>Header Files\include\bitwise</Filter>
    </ClInclude>
    <ClInclude Include="include\bitwise\base64.hpp">
      <Filter>Header Files\include\bitwise</Filter>
    </ClInclude>
    <ClInclude Include="include\math\geometry\vectors.hpp">
      <Filter>Header Files\include\math\geometry</Filter>
    </ClInclude>
    <ClInclude Include="include\math\geometry.hpp">
      <Filter>Header Files\include\math</Filter>
    </ClInclude>
    <ClInclude Include="include\math\geometry\spherical.hpp">
      <Filter>Header Files\include\math\geometry</Filter>
    </ClInclude>
    <ClInclude Include="include\string\safe-std-string.hpp">
      <Filter>Header Files\include\string</Filter>
    </ClInclude>
  </ItemGroup>
</Project>