<?xml version="1.0" encoding="utf-8"?>
<Project ToolsVersion="4.0" xmlns="http://schemas.microsoft.com/developer/msbuild/2003">
  <ItemGroup>
    <Filter Include="Source Files">
      <UniqueIdentifier>{4FC737F1-C7A5-4376-A066-2A32D752A2FF}</UniqueIdentifier>
      <Extensions>cpp;c;cc;cxx;c++;cppm;ixx;def;odl;idl;hpj;bat;asm;asmx</Extensions>
    </Filter>
    <Filter Include="Header Files">
      <UniqueIdentifier>{93995380-89BD-4b04-88EB-625FBE52EBFB}</UniqueIdentifier>
      <Extensions>h;hh;hpp;hxx;h++;hm;inl;inc;ipp;xsd</Extensions>
    </Filter>
    <Filter Include="Resource Files">
      <UniqueIdentifier>{67DA6AB6-F800-4c08-8B7A-83BB121AAD01}</UniqueIdentifier>
      <Extensions>rc;ico;cur;bmp;dlg;rc2;rct;bin;rgs;gif;jpg;jpeg;jpe;resx;tiff;tif;png;wav;mfcribbon-ms</Extensions>
    </Filter>
    <Filter Include="Header Files\static">
      <UniqueIdentifier>{3e61c343-fc1b-4b5a-8e65-b0dbeb0f228b}</UniqueIdentifier>
    </Filter>
    <Filter Include="Header Files\source">
      <UniqueIdentifier>{47075022-c197-4b90-9cf7-d877aa9d9fe1}</UniqueIdentifier>
    </Filter>
  </ItemGroup>
  <ItemGroup>
    <ClInclude Include="..\bitwise.hpp">
      <Filter>Header Files</Filter>
    </ClInclude>
    <ClInclude Include="..\checksum.hpp">
      <Filter>Header Files</Filter>
    </ClInclude>
    <ClInclude Include="..\comms.hpp">
      <Filter>Header Files</Filter>
    </ClInclude>
    <ClInclude Include="..\sklib.hpp">
      <Filter>Header Files</Filter>
    </ClInclude>
    <ClInclude Include="..\timer.hpp">
      <Filter>Header Files</Filter>
    </ClInclude>
    <ClInclude Include="..\source\comms-code.hpp">
      <Filter>Header Files\source</Filter>
    </ClInclude>
    <ClInclude Include="..\helpers.hpp">
      <Filter>Header Files</Filter>
    </ClInclude>
  </ItemGroup>
</Project>